# This file is autogenerated, do not edit; changes may be undone by the next 'dep ensure'.


[[projects]]
  digest = "1:9ecc1c8644f70e9275a58f975e9ff2fe8ecf67869b74b4d8041d8dcc4818ccf3"
  name = "github.com/aws/aws-lambda-go"
  packages = [
    "events",
    "lambda",
    "lambda/handlertrace",
    "lambda/messages",
    "lambdacontext",
  ]
  pruneopts = "UT"
  revision = "85e7bc7d7f9b93c23540f1ace646f60567756d6e"
  version = "v1.26.0"

[[projects]]
  digest = "1:0de0474cad0bea9702879750a6c38ee139dcf89ee5454fe191d9725f30b9a17d"
  name = "github.com/aws/aws-sdk-go-v2"
  packages = [
    ".",
    "aws",
    "aws/middleware",
    "aws/protocol/query",
    "aws/protocol/restjson",
    "aws/protocol/xml",
    "aws/ratelimit",
    "aws/retry",
    "aws/signer/internal/v4",
    "aws/signer/v4",
    "aws/transport/http",
    "config",
    "credentials",
    "credentials/ec2rolecreds",
    "credentials/endpointcreds",
    "credentials/endpointcreds/internal/client",
    "credentials/processcreds",
    "credentials/ssocreds",
    "credentials/stscreds",
    "feature/dynamodb/attributevalue",
    "feature/ec2/imds",
    "feature/ec2/imds/internal/config",
    "internal/configsources",
    "internal/endpoints",
    "internal/ini",
    "internal/rand",
    "internal/sdk",
    "internal/sdkio",
    "internal/strings",
    "internal/sync/singleflight",
    "internal/timeconv",
    "service/dynamodb",
    "service/dynamodb/internal/customizations",
    "service/dynamodb/internal/endpoints",
    "service/dynamodb/types",
    "service/dynamodbstreams/types",
    "service/internal/accept-encoding",
    "service/internal/endpoint-discovery",
    "service/internal/presigned-url",
    "service/sso",
    "service/sso/internal/endpoints",
    "service/sso/types",
    "service/sts",
    "service/sts/internal/endpoints",
    "service/sts/types",
  ]
  pruneopts = "UT"
  revision = "bf1672aee7693e2234f5c1dbef7851a0c5bc546d"
  version = "v1.8.0"

[[projects]]
  digest = "1:319cae9fcceec5f0505d3091130950d7fcb527f4cbfb3fb28bbab2f12c8c143a"
  name = "github.com/aws/smithy-go"
  packages = [
    ".",
    "document",
    "encoding",
    "encoding/httpbinding",
    "encoding/json",
    "encoding/xml",
    "io",
    "logging",
    "middleware",
    "ptr",
    "rand",
    "time",
    "transport/http",
    "transport/http/internal/io",
    "waiter",
  ]
  pruneopts = "UT"
  revision = "4059e715cd224995dd8adc385d04f0838de7f4c0"
  version = "v1.7.0"

[[projects]]
  digest = "1:01a3bf7bc37c96547897d253f8437c89cd8e80ea0211ff5f440fbc19f44cd14e"
  name = "github.com/graphql-go/graphql"
  packages = [
    ".",
    "gqlerrors",
    "language/ast",
    "language/kinds",
    "language/lexer",
    "language/location",
    "language/parser",
    "language/printer",
    "language/source",
    "language/typeInfo",
    "language/visitor",
  ]
  pruneopts = "UT"
  revision = "02caa8943d64d9cd60bd67f2bc163676716bb963"
  version = "v0.7.9"

[[projects]]
  digest = "1:bb81097a5b62634f3e9fec1014657855610c82d19b9a40c17612e32651e35dca"
  name = "github.com/jmespath/go-jmespath"
  packages = ["."]
  pruneopts = "UT"
  revision = "c2b33e84"

[solve-meta]
  analyzer-name = "dep"
  analyzer-version = 1
  input-imports = [
    "github.com/aws/aws-lambda-go/events",
    "github.com/aws/aws-lambda-go/lambda",
    "github.com/aws/aws-sdk-go-v2/aws",
    "github.com/aws/aws-sdk-go-v2/config",
    "github.com/aws/aws-sdk-go-v2/feature/dynamodb/attributevalue",
    "github.com/aws/aws-sdk-go-v2/service/dynamodb",
    "github.com/aws/aws-sdk-go-v2/service/dynamodb/types",
    "github.com/graphql-go/graphql",
  ]
  solver-name = "gps-cdcl"
  solver-version = 1
